{
  "version": 4,
  "terraform_version": "1.6.0",
  "serial": 14,
  "lineage": "b33c128a-4a38-bc6a-daaf-b2ec62af0ff9",
  "outputs": {},
  "resources": [
    {
      "mode": "managed",
      "type": "local_file",
      "name": "master_init",
      "provider": "provider[\"registry.opentofu.org/hashicorp/local\"]",
      "instances": [
        {
          "schema_version": 0,
          "attributes": {
            "content": "# 01 init cluster \nmodprobe br_netfilter\necho 1 | sudo tee /proc/sys/net/ipv4/ip_forward\n\n\n#sudo kubeadm init --cri-socket /run/containerd/containerd.sock --pod-network-cidr=192.168.0.0/16 --upload-certs --control-plane-endpoint=192.168.122.11:6443 | \\\nsudo kubeadm init --pod-network-cidr=192.168.0.0/16 --upload-certs --control-plane-endpoint=192.168.122.11:6443 | \\\nsed -e '/kubeadm join/,/--certificate-key/!d' | head -n 3 \u003e join_cmd\n# 02 copy kubeconfig\nmkdir -p $HOME/.kube\nsudo cp -ru /etc/kubernetes/admin.conf $HOME/.kube/config\nsudo chown $(id -u):$(id -g) $HOME/.kube/config\n\n# 03 install cni\nkubectl create -f https://raw.githubusercontent.com/projectcalico/calico/v3.24.1/manifests/tigera-operator.yaml\nsleep 5 #wait for the deployment to start the required pods\nkubectl create -f https://raw.githubusercontent.com/projectcalico/calico/v3.24.1/manifests/custom-resources.yaml\nsleep 5 #wait for the deployment to start the required pods\n",
            "content_base64": null,
            "content_base64sha256": "bTK+5tb8cSLZDX9tQmIx/77s6RzTXJQzJU4OzdHwjY8=",
            "content_base64sha512": "tZk/yB3DvNpLvLPxuhvWQ82zoD03A9Co44zQFApkZwytihCXTNry79A0jAXOQ7hwd5na6V2eLBphaPUX70OcyQ==",
            "content_md5": "6964a7cf7cb353ab60acd5901a406eab",
            "content_sha1": "2fffe14a7fd92068afcd9ea76e5084a2135c1401",
            "content_sha256": "6d32bee6d6fc7122d90d7f6d426231ffbeece91cd35c9433254e0ecdd1f08d8f",
            "content_sha512": "b5993fc81dc3bcda4bbcb3f1ba1bd643cdb3a03d3703d0a8e38cd0140a64670cad8a10974cdaf2efd0348c05ce43b8707799dae95d9e2c1a6168f517ef439cc9",
            "directory_permission": "0777",
            "file_permission": "0777",
            "filename": "./artifacts/kubeadm/master-init.sh",
            "id": "2fffe14a7fd92068afcd9ea76e5084a2135c1401",
            "sensitive_content": null,
            "source": null
          },
          "sensitive_attributes": []
        }
      ]
    },
    {
      "mode": "managed",
      "type": "local_file",
      "name": "master_member",
      "provider": "provider[\"registry.opentofu.org/hashicorp/local\"]",
      "instances": [
        {
          "schema_version": 0,
          "attributes": {
            "content": "# 01 init cluster\nmodprobe br_netfilter\necho 1 | sudo tee /proc/sys/net/ipv4/ip_forward\nchmod 400 $HOME/.ssh/id_rsa.key\n\nuntil [ $(ssh -i /root/.ssh/id_rsa.key -o StrictHostKeyChecking=no 192.168.122.11 -- cat join_cmd | wc -l) != 0 ];\ndo\n        echo \"Wait Master Node Init..\"\n\tsleep 10\ndone\n        ssh -i /root/.ssh/id_rsa.key -o StrictHostKeyChecking=no 192.168.122.11 -- cat join_cmd | sh -\n",
            "content_base64": null,
            "content_base64sha256": "pg1I2iqSfojbgzrwp+pAdpc//ybbSsPPfm+hd2gpN3w=",
            "content_base64sha512": "SwxVA4oCvbFSufUc5I7jmdeO4Vo0XbWr+vPEpEiMRVmIqTYaQIDBx6D63gpkqBSlB2G6xrVEjMIYYTCJjZz1GA==",
            "content_md5": "6831174c660eb9228442fbcd93b51179",
            "content_sha1": "d549d724040c6ab3bea1f276be9ea91a7e1377aa",
            "content_sha256": "a60d48da2a927e88db833af0a7ea4076973fff26db4ac3cf7e6fa1776829377c",
            "content_sha512": "4b0c55038a02bdb152b9f51ce48ee399d78ee15a345db5abfaf3c4a4488c455988a9361a4080c1c7a0fade0a64a814a50761bac6b5448cc2186130898d9cf518",
            "directory_permission": "0777",
            "file_permission": "0777",
            "filename": "./artifacts/kubeadm/master-member.sh",
            "id": "d549d724040c6ab3bea1f276be9ea91a7e1377aa",
            "sensitive_content": null,
            "source": null
          },
          "sensitive_attributes": [],
          "dependencies": [
            "local_file.master_init"
          ]
        }
      ]
    },
    {
      "mode": "managed",
      "type": "local_file",
      "name": "worker",
      "provider": "provider[\"registry.opentofu.org/hashicorp/local\"]",
      "instances": [
        {
          "schema_version": 0,
          "attributes": {
            "content": "# 01 init node\nmodprobe br_netfilter\necho 1 | sudo tee /proc/sys/net/ipv4/ip_forward\n\nchmod 400 $HOME/.ssh/id_rsa.key\n\nuntil [ $(ssh -i /root/.ssh/id_rsa.key -o StrictHostKeyChecking=no 192.168.122.11 -- cat join_cmd | wc -l) != 0 ];\ndo\n        echo \"Wait Master Node Init..\"\n\tsleep 10\ndone\n        ssh -i $HOME/.ssh/id_rsa.key -o StrictHostKeyChecking=no 192.168.122.11 -- kubeadm token create --print-join-command | sh -\n\nmkdir -p $HOME/.kube\nssh -i $HOME/.ssh/id_rsa.key -o StrictHostKeyChecking=no 192.168.122.11 -- cat /etc/kubernetes/admin.conf \u003e $HOME/.kube/config\nsed -i \"s/127\\.0\\.0\\.1/{master_ip}/g\" $HOME/.kube/config\n",
            "content_base64": null,
            "content_base64sha256": "TX9Wtca9CMdOmygAWk3TqQ8ANhMcJZo5Bp6f/qifeNk=",
            "content_base64sha512": "mDMR6Qk2l2hPgmtF+FK8XwNhzQyYttEpwH5YTulwMoKosNPV5/uYkgdFFlhtI1+U/1LYD9wIOe6F05ngfbwRjQ==",
            "content_md5": "d88b007d1895afe32cff57957fd5928b",
            "content_sha1": "9c235eda36b314399bc051922ad489d9c723cea1",
            "content_sha256": "4d7f56b5c6bd08c74e9b28005a4dd3a90f0036131c259a39069e9ffea89f78d9",
            "content_sha512": "983311e9093697684f826b45f852bc5f0361cd0c98b6d129c07e584ee9703282a8b0d3d5e7fb9892074516586d235f94ff52d80fdc0839ee85d399e07dbc118d",
            "directory_permission": "0777",
            "file_permission": "0777",
            "filename": "./artifacts/kubeadm/worker.sh",
            "id": "9c235eda36b314399bc051922ad489d9c723cea1",
            "sensitive_content": null,
            "source": null
          },
          "sensitive_attributes": [],
          "dependencies": [
            "local_file.master_init",
            "local_file.master_member"
          ]
        }
      ]
    },
    {
      "mode": "managed",
      "type": "terraform_data",
      "name": "copy_installer",
      "provider": "provider[\"terraform.io/builtin/terraform\"]",
      "instances": [
        {
          "index_key": "kubeadm-master-1",
          "status": "tainted",
          "schema_version": 0,
          "attributes": {
            "id": "5718e4b2-dcac-3540-96b0-9795793302df",
            "input": null,
            "output": null,
            "triggers_replace": null
          },
          "sensitive_attributes": [],
          "dependencies": [
            "local_file.master_init",
            "local_file.master_member",
            "local_file.worker"
          ]
        }
      ]
    }
  ],
  "check_results": null
}
